{
  "name": "fuzz-d",
  "lockfileVersion": 2,
  "requires": true,
  "packages": {
    "": {
      "dependencies": {
        "bignumber.js": "^9.1.0"
      }
    },
    "node_modules/bignumber.js": {
      "version": "9.1.0",
      "resolved": "https://registry.npmjs.org/bignumber.js/-/bignumber.js-9.1.0.tgz",
      "integrity": "sha512-4LwHK4nfDOraBCtst+wOWIHbu1vhvAPJK8g8nROd4iuc3PSEjWif/qwbkh8jwCJz6yDBvtU4KPynETgrfh7y3A==",
      "engines": {
        "node": "*"
      }
    }
  },
  "dependencies": {
    "bignumber.js": {
      "version": "9.1.0",
      "resolved": "https://registry.npmjs.org/bignumber.js/-/bignumber.js-9.1.0.tgz",
      "integrity": "sha512-4LwHK4nfDOraBCtst+wOWIHbu1vhvAPJK8g8nROd4iuc3PSEjWif/qwbkh8jwCJz6yDBvtU4KPynETgrfh7y3A=="
    }
  }
}
